
Microsoft Visual Studio Solution File, Format Version 12.00
# Visual Studio 14
VisualStudioVersion = 14.0.23107.0
MinimumVisualStudioVersion = 10.0.40219.1
Project("{FAE04EC0-301F-11D3-BF4B-00C04F79EFBC}") = "TestCfDesktop", "TestCfDesktop\TestCfDesktop.csproj", "{0956CB9F-3092-437C-B822-7BABB4C5C27F}"
EndProject
Project("{FAE04EC0-301F-11D3-BF4B-00C04F79EFBC}") = "CfDataContext", "CfDataContext\CfDataContext.csproj", "{99852CE5-5586-414A-A2DB-50F1C503E2AA}"
EndProject
Project("{FAE04EC0-301F-11D3-BF4B-00C04F79EFBC}") = "CfServices", "CfServices\CfServices.csproj", "{E29453E4-0BCC-4BC4-A260-405BE6654325}"
EndProject
Project("{FAE04EC0-301F-11D3-BF4B-00C04F79EFBC}") = "Portal", "Portal\Portal.csproj", "{C5462A77-2230-48A7-B75C-912C9D2452CD}"
EndProject
Project("{FAE04EC0-301F-11D3-BF4B-00C04F79EFBC}") = "testMember", "testMember\testMember.csproj", "{2BA9626C-FD85-4EB8-AE84-C83ECF1481D1}"
EndProject
Project("{FAE04EC0-301F-11D3-BF4B-00C04F79EFBC}") = "CfMembership", "CfMembership\CfMembership.csproj", "{28B3D1DA-E648-41AA-B039-557614C889B7}"
EndProject
Project("{FAE04EC0-301F-11D3-BF4B-00C04F79EFBC}") = "CfProjectAdmin", "CfProjectAdmin\CfProjectAdmin.csproj", "{2671DA1D-9D69-478C-B200-6637CF93689F}"
EndProject
Project("{FAE04EC0-301F-11D3-BF4B-00C04F79EFBC}") = "CFCommon", "CFCommon\CFCommon.csproj", "{08371E9A-DD81-425E-A15A-CE1F86648E81}"
EndProject
Project("{FAE04EC0-301F-11D3-BF4B-00C04F79EFBC}") = "PublicPortal", "PublicPortal\PublicPortal.csproj", "{EF8275D9-3AEB-4E8C-9EE6-1A25DF3BCAAE}"
EndProject
Global
	GlobalSection(SolutionConfigurationPlatforms) = preSolution
		Debug|Any CPU = Debug|Any CPU
		Release|Any CPU = Release|Any CPU
	EndGlobalSection
	GlobalSection(ProjectConfigurationPlatforms) = postSolution
		{0956CB9F-3092-437C-B822-7BABB4C5C27F}.Debug|Any CPU.ActiveCfg = Debug|Any CPU
		{0956CB9F-3092-437C-B822-7BABB4C5C27F}.Release|Any CPU.ActiveCfg = Release|Any CPU
		{0956CB9F-3092-437C-B822-7BABB4C5C27F}.Release|Any CPU.Build.0 = Release|Any CPU
		{99852CE5-5586-414A-A2DB-50F1C503E2AA}.Debug|Any CPU.ActiveCfg = Debug|Any CPU
		{99852CE5-5586-414A-A2DB-50F1C503E2AA}.Debug|Any CPU.Build.0 = Debug|Any CPU
		{99852CE5-5586-414A-A2DB-50F1C503E2AA}.Release|Any CPU.ActiveCfg = Release|Any CPU
		{99852CE5-5586-414A-A2DB-50F1C503E2AA}.Release|Any CPU.Build.0 = Release|Any CPU
		{E29453E4-0BCC-4BC4-A260-405BE6654325}.Debug|Any CPU.ActiveCfg = Debug|Any CPU
		{E29453E4-0BCC-4BC4-A260-405BE6654325}.Debug|Any CPU.Build.0 = Debug|Any CPU
		{E29453E4-0BCC-4BC4-A260-405BE6654325}.Release|Any CPU.ActiveCfg = Release|Any CPU
		{E29453E4-0BCC-4BC4-A260-405BE6654325}.Release|Any CPU.Build.0 = Release|Any CPU
		{C5462A77-2230-48A7-B75C-912C9D2452CD}.Debug|Any CPU.ActiveCfg = Debug|Any CPU
		{C5462A77-2230-48A7-B75C-912C9D2452CD}.Debug|Any CPU.Build.0 = Debug|Any CPU
		{C5462A77-2230-48A7-B75C-912C9D2452CD}.Release|Any CPU.ActiveCfg = Release|Any CPU
		{C5462A77-2230-48A7-B75C-912C9D2452CD}.Release|Any CPU.Build.0 = Release|Any CPU
		{2BA9626C-FD85-4EB8-AE84-C83ECF1481D1}.Debug|Any CPU.ActiveCfg = Debug|Any CPU
		{2BA9626C-FD85-4EB8-AE84-C83ECF1481D1}.Debug|Any CPU.Build.0 = Debug|Any CPU
		{2BA9626C-FD85-4EB8-AE84-C83ECF1481D1}.Release|Any CPU.ActiveCfg = Release|Any CPU
		{2BA9626C-FD85-4EB8-AE84-C83ECF1481D1}.Release|Any CPU.Build.0 = Release|Any CPU
		{28B3D1DA-E648-41AA-B039-557614C889B7}.Debug|Any CPU.ActiveCfg = Debug|Any CPU
		{28B3D1DA-E648-41AA-B039-557614C889B7}.Debug|Any CPU.Build.0 = Debug|Any CPU
		{28B3D1DA-E648-41AA-B039-557614C889B7}.Release|Any CPU.ActiveCfg = Release|Any CPU
		{28B3D1DA-E648-41AA-B039-557614C889B7}.Release|Any CPU.Build.0 = Release|Any CPU
		{2671DA1D-9D69-478C-B200-6637CF93689F}.Debug|Any CPU.ActiveCfg = Debug|Any CPU
		{2671DA1D-9D69-478C-B200-6637CF93689F}.Debug|Any CPU.Build.0 = Debug|Any CPU
		{2671DA1D-9D69-478C-B200-6637CF93689F}.Release|Any CPU.ActiveCfg = Release|Any CPU
		{2671DA1D-9D69-478C-B200-6637CF93689F}.Release|Any CPU.Build.0 = Release|Any CPU
		{08371E9A-DD81-425E-A15A-CE1F86648E81}.Debug|Any CPU.ActiveCfg = Debug|Any CPU
		{08371E9A-DD81-425E-A15A-CE1F86648E81}.Debug|Any CPU.Build.0 = Debug|Any CPU
		{08371E9A-DD81-425E-A15A-CE1F86648E81}.Release|Any CPU.ActiveCfg = Release|Any CPU
		{08371E9A-DD81-425E-A15A-CE1F86648E81}.Release|Any CPU.Build.0 = Release|Any CPU
		{EF8275D9-3AEB-4E8C-9EE6-1A25DF3BCAAE}.Debug|Any CPU.ActiveCfg = Debug|Any CPU
		{EF8275D9-3AEB-4E8C-9EE6-1A25DF3BCAAE}.Debug|Any CPU.Build.0 = Debug|Any CPU
		{EF8275D9-3AEB-4E8C-9EE6-1A25DF3BCAAE}.Release|Any CPU.ActiveCfg = Release|Any CPU
		{EF8275D9-3AEB-4E8C-9EE6-1A25DF3BCAAE}.Release|Any CPU.Build.0 = Release|Any CPU
	EndGlobalSection
	GlobalSection(SolutionProperties) = preSolution
		HideSolutionNode = FALSE
	EndGlobalSection
EndGlobal
